// !$*UTF8*$!
{
	archiveVersion = 1;
	classes = {
	};
	objectVersion = 56;
	objects = {

/* Begin PBXBuildFile section */
		AB4522532ADDD99500B69F24 /* SchoolSearchView.swift in Sources */ = {isa = PBXBuildFile; fileRef = AB4522522ADDD99500B69F24 /* SchoolSearchView.swift */; };
		AB4522562ADDDBC400B69F24 /* SchoolResponseModel.swift in Sources */ = {isa = PBXBuildFile; fileRef = AB4522552ADDDBC400B69F24 /* SchoolResponseModel.swift */; };
		AB4522582ADDDBE000B69F24 /* SchoolModel.swift in Sources */ = {isa = PBXBuildFile; fileRef = AB4522572ADDDBE000B69F24 /* SchoolModel.swift */; };
		AB45225A2ADDDC9E00B69F24 /* SchoolSearchViewModel.swift in Sources */ = {isa = PBXBuildFile; fileRef = AB4522592ADDDC9E00B69F24 /* SchoolSearchViewModel.swift */; };
		AB45225C2ADE665100B69F24 /* URLConst.swift in Sources */ = {isa = PBXBuildFile; fileRef = AB45225B2ADE665100B69F24 /* URLConst.swift */; };
		AB4522612ADE871900B69F24 /* Secret.plist in Resources */ = {isa = PBXBuildFile; fileRef = AB4522602ADE871900B69F24 /* Secret.plist */; };
		AB4D82692ADD7F4D00F35CCB /* ProfileSettingsView.swift in Sources */ = {isa = PBXBuildFile; fileRef = AB4D82682ADD7F4D00F35CCB /* ProfileSettingsView.swift */; };
		C7E30E2B2ADC40E4001AE89B /* LoginViewModel.swift in Sources */ = {isa = PBXBuildFile; fileRef = C7E30E2A2ADC40E4001AE89B /* LoginViewModel.swift */; };
		C7E459CD2ADE8A1300ECD008 /* GeneralResponse.swift in Sources */ = {isa = PBXBuildFile; fileRef = C7E459CC2ADE8A1300ECD008 /* GeneralResponse.swift */; };
		C7E459D12ADFF89000ECD008 /* MainTabView.swift in Sources */ = {isa = PBXBuildFile; fileRef = C7E459D02ADFF89000ECD008 /* MainTabView.swift */; };
		C7E459D32AE01FDE00ECD008 /* MainViewModel.swift in Sources */ = {isa = PBXBuildFile; fileRef = C7E459D22AE01FDE00ECD008 /* MainViewModel.swift */; };
		C7E459D62AE03FEF00ECD008 /* WriteView.swift in Sources */ = {isa = PBXBuildFile; fileRef = C7E459D52AE03FEF00ECD008 /* WriteView.swift */; };
		C7F1FD842ADDA2F000C5A2A1 /* OnBoardingView.swift in Sources */ = {isa = PBXBuildFile; fileRef = C7F1FD832ADDA2F000C5A2A1 /* OnBoardingView.swift */; };
		C7F1FD862ADDA37E00C5A2A1 /* BottomSheetView.swift in Sources */ = {isa = PBXBuildFile; fileRef = C7F1FD852ADDA37E00C5A2A1 /* BottomSheetView.swift */; };
		C7F1FD882ADDA39500C5A2A1 /* DesciptionView.swift in Sources */ = {isa = PBXBuildFile; fileRef = C7F1FD872ADDA39500C5A2A1 /* DesciptionView.swift */; };
		FD132BF22ADBE8FB00F31AAF /* Assets.xcassets in Resources */ = {isa = PBXBuildFile; fileRef = FD132BF12ADBE8FB00F31AAF /* Assets.xcassets */; };
		FD132BF52ADBE8FB00F31AAF /* Preview Assets.xcassets in Resources */ = {isa = PBXBuildFile; fileRef = FD132BF42ADBE8FB00F31AAF /* Preview Assets.xcassets */; };
		FD3205612ADD1F8100B0D5F6 /* MainView.swift in Sources */ = {isa = PBXBuildFile; fileRef = FD3205602ADD1F8100B0D5F6 /* MainView.swift */; };
		FD3205682ADD5C0D00B0D5F6 /* TwoHoSunApp.swift in Sources */ = {isa = PBXBuildFile; fileRef = FD3205672ADD5C0D00B0D5F6 /* TwoHoSunApp.swift */; };
		FD3646F52ADD8E2D0064DF94 /* Alamofire in Frameworks */ = {isa = PBXBuildFile; productRef = FD3646F42ADD8E2D0064DF94 /* Alamofire */; };
		FD4E75B42ADE9616000C2277 /* NicknameModel.swift in Sources */ = {isa = PBXBuildFile; fileRef = FD4E75B32ADE9616000C2277 /* NicknameModel.swift */; };
		FD4E75B62ADE9C20000C2277 /* ProfileSettingViewModel.swift in Sources */ = {isa = PBXBuildFile; fileRef = FD4E75B52ADE9C20000C2277 /* ProfileSettingViewModel.swift */; };
		FD8D9F812ADC5FAD0072F4BA /* KeychainManager.swift in Sources */ = {isa = PBXBuildFile; fileRef = FD8D9F802ADC5FAD0072F4BA /* KeychainManager.swift */; };
		FD9280392ADD8A0E007285BA /* LoginModel.swift in Sources */ = {isa = PBXBuildFile; fileRef = FD9280382ADD8A0E007285BA /* LoginModel.swift */; };
		FD92803D2ADD8AF0007285BA /* File in Resources */ = {isa = PBXBuildFile; fileRef = FD92803C2ADD8AF0007285BA /* File */; };
		FDDB990C2ADC1BEC00B1163F /* .swiftlint.yml in Resources */ = {isa = PBXBuildFile; fileRef = FDDB990B2ADC1BEC00B1163F /* .swiftlint.yml */; };
/* End PBXBuildFile section */

/* Begin PBXFileReference section */
		AB4522522ADDD99500B69F24 /* SchoolSearchView.swift */ = {isa = PBXFileReference; lastKnownFileType = sourcecode.swift; path = SchoolSearchView.swift; sourceTree = "<group>"; };
		AB4522552ADDDBC400B69F24 /* SchoolResponseModel.swift */ = {isa = PBXFileReference; lastKnownFileType = sourcecode.swift; path = SchoolResponseModel.swift; sourceTree = "<group>"; };
		AB4522572ADDDBE000B69F24 /* SchoolModel.swift */ = {isa = PBXFileReference; lastKnownFileType = sourcecode.swift; path = SchoolModel.swift; sourceTree = "<group>"; };
		AB4522592ADDDC9E00B69F24 /* SchoolSearchViewModel.swift */ = {isa = PBXFileReference; lastKnownFileType = sourcecode.swift; path = SchoolSearchViewModel.swift; sourceTree = "<group>"; };
		AB45225B2ADE665100B69F24 /* URLConst.swift */ = {isa = PBXFileReference; lastKnownFileType = sourcecode.swift; path = URLConst.swift; sourceTree = "<group>"; };
		AB4522602ADE871900B69F24 /* Secret.plist */ = {isa = PBXFileReference; lastKnownFileType = text.plist.xml; path = Secret.plist; sourceTree = "<group>"; };
		AB4D82682ADD7F4D00F35CCB /* ProfileSettingsView.swift */ = {isa = PBXFileReference; lastKnownFileType = sourcecode.swift; path = ProfileSettingsView.swift; sourceTree = "<group>"; };
		C7E30E2A2ADC40E4001AE89B /* LoginViewModel.swift */ = {isa = PBXFileReference; lastKnownFileType = sourcecode.swift; path = LoginViewModel.swift; sourceTree = "<group>"; };
		C7E459CC2ADE8A1300ECD008 /* GeneralResponse.swift */ = {isa = PBXFileReference; lastKnownFileType = sourcecode.swift; path = GeneralResponse.swift; sourceTree = "<group>"; };
		C7E459D02ADFF89000ECD008 /* MainTabView.swift */ = {isa = PBXFileReference; lastKnownFileType = sourcecode.swift; path = MainTabView.swift; sourceTree = "<group>"; };
		C7E459D22AE01FDE00ECD008 /* MainViewModel.swift */ = {isa = PBXFileReference; lastKnownFileType = sourcecode.swift; path = MainViewModel.swift; sourceTree = "<group>"; };
		C7E459D52AE03FEF00ECD008 /* WriteView.swift */ = {isa = PBXFileReference; lastKnownFileType = sourcecode.swift; path = WriteView.swift; sourceTree = "<group>"; };
		C7F1FD832ADDA2F000C5A2A1 /* OnBoardingView.swift */ = {isa = PBXFileReference; lastKnownFileType = sourcecode.swift; path = OnBoardingView.swift; sourceTree = "<group>"; };
		C7F1FD852ADDA37E00C5A2A1 /* BottomSheetView.swift */ = {isa = PBXFileReference; lastKnownFileType = sourcecode.swift; path = BottomSheetView.swift; sourceTree = "<group>"; };
		C7F1FD872ADDA39500C5A2A1 /* DesciptionView.swift */ = {isa = PBXFileReference; lastKnownFileType = sourcecode.swift; path = DesciptionView.swift; sourceTree = "<group>"; };
		FD132BEA2ADBE8FA00F31AAF /* TwoHoSun.app */ = {isa = PBXFileReference; explicitFileType = wrapper.application; includeInIndex = 0; path = TwoHoSun.app; sourceTree = BUILT_PRODUCTS_DIR; };
		FD132BF12ADBE8FB00F31AAF /* Assets.xcassets */ = {isa = PBXFileReference; lastKnownFileType = folder.assetcatalog; path = Assets.xcassets; sourceTree = "<group>"; };
		FD132BF42ADBE8FB00F31AAF /* Preview Assets.xcassets */ = {isa = PBXFileReference; lastKnownFileType = folder.assetcatalog; path = "Preview Assets.xcassets"; sourceTree = "<group>"; };
		FD32055D2ADD16AC00B0D5F6 /* Info.plist */ = {isa = PBXFileReference; lastKnownFileType = text.plist; path = Info.plist; sourceTree = "<group>"; };
		FD3205602ADD1F8100B0D5F6 /* MainView.swift */ = {isa = PBXFileReference; lastKnownFileType = sourcecode.swift; path = MainView.swift; sourceTree = "<group>"; };
		FD3205672ADD5C0D00B0D5F6 /* TwoHoSunApp.swift */ = {isa = PBXFileReference; fileEncoding = 4; lastKnownFileType = sourcecode.swift; path = TwoHoSunApp.swift; sourceTree = "<group>"; };
		FD4E75B32ADE9616000C2277 /* NicknameModel.swift */ = {isa = PBXFileReference; lastKnownFileType = sourcecode.swift; path = NicknameModel.swift; sourceTree = "<group>"; };
		FD4E75B52ADE9C20000C2277 /* ProfileSettingViewModel.swift */ = {isa = PBXFileReference; lastKnownFileType = sourcecode.swift; path = ProfileSettingViewModel.swift; sourceTree = "<group>"; };
		FD8D9F802ADC5FAD0072F4BA /* KeychainManager.swift */ = {isa = PBXFileReference; lastKnownFileType = sourcecode.swift; path = KeychainManager.swift; sourceTree = "<group>"; };
		FD9280382ADD8A0E007285BA /* LoginModel.swift */ = {isa = PBXFileReference; fileEncoding = 4; lastKnownFileType = sourcecode.swift; path = LoginModel.swift; sourceTree = "<group>"; };
		FD92803A2ADD8A4C007285BA /* File */ = {isa = PBXFileReference; lastKnownFileType = text; path = File; sourceTree = "<group>"; };
		FD92803C2ADD8AF0007285BA /* File */ = {isa = PBXFileReference; lastKnownFileType = text; path = File; sourceTree = "<group>"; };
		FDDB99042ADBF37100B1163F /* TwoHoSun.entitlements */ = {isa = PBXFileReference; lastKnownFileType = text.plist.entitlements; path = TwoHoSun.entitlements; sourceTree = "<group>"; };
		FDDB990B2ADC1BEC00B1163F /* .swiftlint.yml */ = {isa = PBXFileReference; lastKnownFileType = text.yaml; path = .swiftlint.yml; sourceTree = "<group>"; };
/* End PBXFileReference section */

/* Begin PBXFrameworksBuildPhase section */
		FD132BE72ADBE8FA00F31AAF /* Frameworks */ = {
			isa = PBXFrameworksBuildPhase;
			buildActionMask = 2147483647;
			files = (
				FD3646F52ADD8E2D0064DF94 /* Alamofire in Frameworks */,
			);
			runOnlyForDeploymentPostprocessing = 0;
		};
/* End PBXFrameworksBuildPhase section */

/* Begin PBXGroup section */
		AB4D82662ADD7F3700F35CCB /* ProfileSettings */ = {
			isa = PBXGroup;
			children = (
				AB4D82682ADD7F4D00F35CCB /* ProfileSettingsView.swift */,
				FD4E75B52ADE9C20000C2277 /* ProfileSettingViewModel.swift */,
				AB4522522ADDD99500B69F24 /* SchoolSearchView.swift */,
				AB4522592ADDDC9E00B69F24 /* SchoolSearchViewModel.swift */,
			);
			path = ProfileSettings;
			sourceTree = "<group>";
		};
		C7E459D42AE01FE300ECD008 /* MainView */ = {
			isa = PBXGroup;
			children = (
				FD3205602ADD1F8100B0D5F6 /* MainView.swift */,
				C7E459D22AE01FDE00ECD008 /* MainViewModel.swift */,
			);
			path = MainView;
			sourceTree = "<group>";
		};
		C7F1FD822ADDA2D900C5A2A1 /* OnBoarding */ = {
			isa = PBXGroup;
			children = (
				C7F1FD832ADDA2F000C5A2A1 /* OnBoardingView.swift */,
				C7E30E2A2ADC40E4001AE89B /* LoginViewModel.swift */,
				C7F1FD852ADDA37E00C5A2A1 /* BottomSheetView.swift */,
				C7F1FD872ADDA39500C5A2A1 /* DesciptionView.swift */,
			);
			path = OnBoarding;
			sourceTree = "<group>";
		};
		FD132BE12ADBE8FA00F31AAF = {
			isa = PBXGroup;
			children = (
				FD132BEC2ADBE8FA00F31AAF /* TwoHoSun */,
				FD132BEB2ADBE8FA00F31AAF /* Products */,
			);
			sourceTree = "<group>";
		};
		FD132BEB2ADBE8FA00F31AAF /* Products */ = {
			isa = PBXGroup;
			children = (
				FD132BEA2ADBE8FA00F31AAF /* TwoHoSun.app */,
			);
			name = Products;
			sourceTree = "<group>";
		};
		FD132BEC2ADBE8FA00F31AAF /* TwoHoSun */ = {
			isa = PBXGroup;
			children = (
				FD32055D2ADD16AC00B0D5F6 /* Info.plist */,
				FDDB99042ADBF37100B1163F /* TwoHoSun.entitlements */,
				FDDB990B2ADC1BEC00B1163F /* .swiftlint.yml */,
				FD3205672ADD5C0D00B0D5F6 /* TwoHoSunApp.swift */,
				FD1DEBA82ADC210B00588CE6 /* Screens */,
				FD1DEBA72ADC20EE00588CE6 /* Model */,
				FD1DEBAC2ADC219D00588CE6 /* Network */,
				FD1DEBAB2ADC218800588CE6 /* Utility */,
				FD1DEBA62ADC20E400588CE6 /* Resources */,
				FD132BF32ADBE8FB00F31AAF /* Preview Content */,
			);
			path = TwoHoSun;
			sourceTree = "<group>";
		};
		FD132BF32ADBE8FB00F31AAF /* Preview Content */ = {
			isa = PBXGroup;
			children = (
				FD132BF42ADBE8FB00F31AAF /* Preview Assets.xcassets */,
			);
			path = "Preview Content";
			sourceTree = "<group>";
		};
		FD1DEBA62ADC20E400588CE6 /* Resources */ = {
			isa = PBXGroup;
			children = (
				FD132BF12ADBE8FB00F31AAF /* Assets.xcassets */,
				AB45225B2ADE665100B69F24 /* URLConst.swift */,
				AB4522602ADE871900B69F24 /* Secret.plist */,
			);
			path = Resources;
			sourceTree = "<group>";
		};
		FD1DEBA72ADC20EE00588CE6 /* Model */ = {
			isa = PBXGroup;
			children = (
				FD9280382ADD8A0E007285BA /* LoginModel.swift */,
				FD4E75B32ADE9616000C2277 /* NicknameModel.swift */,
				C7E459CC2ADE8A1300ECD008 /* GeneralResponse.swift */,
				AB4522552ADDDBC400B69F24 /* SchoolResponseModel.swift */,
				AB4522572ADDDBE000B69F24 /* SchoolModel.swift */,
			);
			path = Model;
			sourceTree = "<group>";
		};
		FD1DEBA82ADC210B00588CE6 /* Screens */ = {
			isa = PBXGroup;
			children = (
				C7F1FD822ADDA2D900C5A2A1 /* OnBoarding */,
				FD32055F2ADD1F6B00B0D5F6 /* Home */,
				FD1DEBA92ADC212500588CE6 /* Component */,
				AB4D82662ADD7F3700F35CCB /* ProfileSettings */,
			);
			path = Screens;
			sourceTree = "<group>";
		};
		FD1DEBA92ADC212500588CE6 /* Component */ = {
			isa = PBXGroup;
			children = (
				FD92803A2ADD8A4C007285BA /* File */,
			);
			path = Component;
			sourceTree = "<group>";
		};
		FD1DEBAB2ADC218800588CE6 /* Utility */ = {
			isa = PBXGroup;
			children = (
				FD8D9F802ADC5FAD0072F4BA /* KeychainManager.swift */,
			);
			path = Utility;
			sourceTree = "<group>";
		};
		FD1DEBAC2ADC219D00588CE6 /* Network */ = {
			isa = PBXGroup;
			children = (
				FD92803C2ADD8AF0007285BA /* File */,
			);
			path = Network;
			sourceTree = "<group>";
		};
		FD32055F2ADD1F6B00B0D5F6 /* Home */ = {
			isa = PBXGroup;
			children = (
				C7E459D42AE01FE300ECD008 /* MainView */,
				C7E459D02ADFF89000ECD008 /* MainTabView.swift */,
				C7E459D52AE03FEF00ECD008 /* WriteView.swift */,
			);
			path = Home;
			sourceTree = "<group>";
		};
/* End PBXGroup section */

/* Begin PBXNativeTarget section */
		FD132BE92ADBE8FA00F31AAF /* TwoHoSun */ = {
			isa = PBXNativeTarget;
			buildConfigurationList = FD132BF82ADBE8FB00F31AAF /* Build configuration list for PBXNativeTarget "TwoHoSun" */;
			buildPhases = (
				FD132BE62ADBE8FA00F31AAF /* Sources */,
				FD132BE72ADBE8FA00F31AAF /* Frameworks */,
				FD132BE82ADBE8FA00F31AAF /* Resources */,
				FDDB990A2ADC1B8000B1163F /* ShellScript */,
			);
			buildRules = (
			);
			dependencies = (
			);
			name = TwoHoSun;
			packageProductDependencies = (
				FD3646F42ADD8E2D0064DF94 /* Alamofire */,
			);
			productName = TwoHoSun;
			productReference = FD132BEA2ADBE8FA00F31AAF /* TwoHoSun.app */;
			productType = "com.apple.product-type.application";
		};
/* End PBXNativeTarget section */

/* Begin PBXProject section */
		FD132BE22ADBE8FA00F31AAF /* Project object */ = {
			isa = PBXProject;
			attributes = {
				BuildIndependentTargetsInParallel = 1;
				LastSwiftUpdateCheck = 1500;
				LastUpgradeCheck = 1500;
				TargetAttributes = {
					FD132BE92ADBE8FA00F31AAF = {
						CreatedOnToolsVersion = 15.0;
					};
				};
			};
			buildConfigurationList = FD132BE52ADBE8FA00F31AAF /* Build configuration list for PBXProject "TwoHoSun" */;
			compatibilityVersion = "Xcode 14.0";
			developmentRegion = en;
			hasScannedForEncodings = 0;
			knownRegions = (
				en,
				Base,
			);
			mainGroup = FD132BE12ADBE8FA00F31AAF;
			packageReferences = (
				FD3646F32ADD8E2D0064DF94 /* XCRemoteSwiftPackageReference "Alamofire" */,
			);
			productRefGroup = FD132BEB2ADBE8FA00F31AAF /* Products */;
			projectDirPath = "";
			projectRoot = "";
			targets = (
				FD132BE92ADBE8FA00F31AAF /* TwoHoSun */,
			);
		};
/* End PBXProject section */

/* Begin PBXResourcesBuildPhase section */
		FD132BE82ADBE8FA00F31AAF /* Resources */ = {
			isa = PBXResourcesBuildPhase;
			buildActionMask = 2147483647;
			files = (
				FDDB990C2ADC1BEC00B1163F /* .swiftlint.yml in Resources */,
				FD132BF52ADBE8FB00F31AAF /* Preview Assets.xcassets in Resources */,
				AB4522612ADE871900B69F24 /* Secret.plist in Resources */,
				FD132BF22ADBE8FB00F31AAF /* Assets.xcassets in Resources */,
				FD92803D2ADD8AF0007285BA /* File in Resources */,
			);
			runOnlyForDeploymentPostprocessing = 0;
		};
/* End PBXResourcesBuildPhase section */

/* Begin PBXShellScriptBuildPhase section */
		FDDB990A2ADC1B8000B1163F /* ShellScript */ = {
			isa = PBXShellScriptBuildPhase;
			alwaysOutOfDate = 1;
			buildActionMask = 2147483647;
			files = (
			);
			inputFileListPaths = (
			);
			inputPaths = (
			);
			outputFileListPaths = (
			);
			outputPaths = (
			);
			runOnlyForDeploymentPostprocessing = 0;
			shellPath = /bin/sh;
			shellScript = "export PATH=\"$PATH:/opt/homebrew/bin\"\nif which swiftlint > /dev/null; then\n  swiftlint\nelse\n  echo \"warning: SwiftLint not installed, download from https://github.com/realm/SwiftLint\"\nfi\n";
		};
/* End PBXShellScriptBuildPhase section */

/* Begin PBXSourcesBuildPhase section */
		FD132BE62ADBE8FA00F31AAF /* Sources */ = {
			isa = PBXSourcesBuildPhase;
			buildActionMask = 2147483647;
			files = (
				AB4522582ADDDBE000B69F24 /* SchoolModel.swift in Sources */,
				C7F1FD882ADDA39500C5A2A1 /* DesciptionView.swift in Sources */,
				AB4D82692ADD7F4D00F35CCB /* ProfileSettingsView.swift in Sources */,
				FD4E75B62ADE9C20000C2277 /* ProfileSettingViewModel.swift in Sources */,
				AB45225C2ADE665100B69F24 /* URLConst.swift in Sources */,
				FD3205612ADD1F8100B0D5F6 /* MainView.swift in Sources */,
				FD4E75B42ADE9616000C2277 /* NicknameModel.swift in Sources */,
				C7F1FD862ADDA37E00C5A2A1 /* BottomSheetView.swift in Sources */,
				AB4522562ADDDBC400B69F24 /* SchoolResponseModel.swift in Sources */,
				AB45225A2ADDDC9E00B69F24 /* SchoolSearchViewModel.swift in Sources */,
				FD3205682ADD5C0D00B0D5F6 /* TwoHoSunApp.swift in Sources */,
				C7F1FD842ADDA2F000C5A2A1 /* OnBoardingView.swift in Sources */,
				C7E459D62AE03FEF00ECD008 /* WriteView.swift in Sources */,
				AB4522532ADDD99500B69F24 /* SchoolSearchView.swift in Sources */,
				C7E459D32AE01FDE00ECD008 /* MainViewModel.swift in Sources */,
				C7E30E2B2ADC40E4001AE89B /* LoginViewModel.swift in Sources */,
				FD9280392ADD8A0E007285BA /* LoginModel.swift in Sources */,
				C7E459CD2ADE8A1300ECD008 /* GeneralResponse.swift in Sources */,
				C7E459D12ADFF89000ECD008 /* MainTabView.swift in Sources */,
				FD8D9F812ADC5FAD0072F4BA /* KeychainManager.swift in Sources */,
			);
			runOnlyForDeploymentPostprocessing = 0;
		};
/* End PBXSourcesBuildPhase section */

/* Begin XCBuildConfiguration section */
		FD132BF62ADBE8FB00F31AAF /* Debug */ = {
			isa = XCBuildConfiguration;
			buildSettings = {
				ALWAYS_SEARCH_USER_PATHS = NO;
				ASSETCATALOG_COMPILER_GENERATE_SWIFT_ASSET_SYMBOL_EXTENSIONS = YES;
				CLANG_ANALYZER_NONNULL = YES;
				CLANG_ANALYZER_NUMBER_OBJECT_CONVERSION = YES_AGGRESSIVE;
				CLANG_CXX_LANGUAGE_STANDARD = "gnu++20";
				CLANG_ENABLE_MODULES = YES;
				CLANG_ENABLE_OBJC_ARC = YES;
				CLANG_ENABLE_OBJC_WEAK = YES;
				CLANG_WARN_BLOCK_CAPTURE_AUTORELEASING = YES;
				CLANG_WARN_BOOL_CONVERSION = YES;
				CLANG_WARN_COMMA = YES;
				CLANG_WARN_CONSTANT_CONVERSION = YES;
				CLANG_WARN_DEPRECATED_OBJC_IMPLEMENTATIONS = YES;
				CLANG_WARN_DIRECT_OBJC_ISA_USAGE = YES_ERROR;
				CLANG_WARN_DOCUMENTATION_COMMENTS = YES;
				CLANG_WARN_EMPTY_BODY = YES;
				CLANG_WARN_ENUM_CONVERSION = YES;
				CLANG_WARN_INFINITE_RECURSION = YES;
				CLANG_WARN_INT_CONVERSION = YES;
				CLANG_WARN_NON_LITERAL_NULL_CONVERSION = YES;
				CLANG_WARN_OBJC_IMPLICIT_RETAIN_SELF = YES;
				CLANG_WARN_OBJC_LITERAL_CONVERSION = YES;
				CLANG_WARN_OBJC_ROOT_CLASS = YES_ERROR;
				CLANG_WARN_QUOTED_INCLUDE_IN_FRAMEWORK_HEADER = YES;
				CLANG_WARN_RANGE_LOOP_ANALYSIS = YES;
				CLANG_WARN_STRICT_PROTOTYPES = YES;
				CLANG_WARN_SUSPICIOUS_MOVE = YES;
				CLANG_WARN_UNGUARDED_AVAILABILITY = YES_AGGRESSIVE;
				CLANG_WARN_UNREACHABLE_CODE = YES;
				CLANG_WARN__DUPLICATE_METHOD_MATCH = YES;
				COPY_PHASE_STRIP = NO;
				DEBUG_INFORMATION_FORMAT = dwarf;
				ENABLE_STRICT_OBJC_MSGSEND = YES;
				ENABLE_TESTABILITY = YES;
				ENABLE_USER_SCRIPT_SANDBOXING = NO;
				GCC_C_LANGUAGE_STANDARD = gnu17;
				GCC_DYNAMIC_NO_PIC = NO;
				GCC_NO_COMMON_BLOCKS = YES;
				GCC_OPTIMIZATION_LEVEL = 0;
				GCC_PREPROCESSOR_DEFINITIONS = (
					"DEBUG=1",
					"$(inherited)",
				);
				GCC_WARN_64_TO_32_BIT_CONVERSION = YES;
				GCC_WARN_ABOUT_RETURN_TYPE = YES_ERROR;
				GCC_WARN_UNDECLARED_SELECTOR = YES;
				GCC_WARN_UNINITIALIZED_AUTOS = YES_AGGRESSIVE;
				GCC_WARN_UNUSED_FUNCTION = YES;
				GCC_WARN_UNUSED_VARIABLE = YES;
				IPHONEOS_DEPLOYMENT_TARGET = 17.0;
				LOCALIZATION_PREFERS_STRING_CATALOGS = YES;
				MTL_ENABLE_DEBUG_INFO = INCLUDE_SOURCE;
				MTL_FAST_MATH = YES;
				ONLY_ACTIVE_ARCH = YES;
				SDKROOT = iphoneos;
				SWIFT_ACTIVE_COMPILATION_CONDITIONS = "DEBUG $(inherited)";
				SWIFT_OPTIMIZATION_LEVEL = "-Onone";
			};
			name = Debug;
		};
		FD132BF72ADBE8FB00F31AAF /* Release */ = {
			isa = XCBuildConfiguration;
			buildSettings = {
				ALWAYS_SEARCH_USER_PATHS = NO;
				ASSETCATALOG_COMPILER_GENERATE_SWIFT_ASSET_SYMBOL_EXTENSIONS = YES;
				CLANG_ANALYZER_NONNULL = YES;
				CLANG_ANALYZER_NUMBER_OBJECT_CONVERSION = YES_AGGRESSIVE;
				CLANG_CXX_LANGUAGE_STANDARD = "gnu++20";
				CLANG_ENABLE_MODULES = YES;
				CLANG_ENABLE_OBJC_ARC = YES;
				CLANG_ENABLE_OBJC_WEAK = YES;
				CLANG_WARN_BLOCK_CAPTURE_AUTORELEASING = YES;
				CLANG_WARN_BOOL_CONVERSION = YES;
				CLANG_WARN_COMMA = YES;
				CLANG_WARN_CONSTANT_CONVERSION = YES;
				CLANG_WARN_DEPRECATED_OBJC_IMPLEMENTATIONS = YES;
				CLANG_WARN_DIRECT_OBJC_ISA_USAGE = YES_ERROR;
				CLANG_WARN_DOCUMENTATION_COMMENTS = YES;
				CLANG_WARN_EMPTY_BODY = YES;
				CLANG_WARN_ENUM_CONVERSION = YES;
				CLANG_WARN_INFINITE_RECURSION = YES;
				CLANG_WARN_INT_CONVERSION = YES;
				CLANG_WARN_NON_LITERAL_NULL_CONVERSION = YES;
				CLANG_WARN_OBJC_IMPLICIT_RETAIN_SELF = YES;
				CLANG_WARN_OBJC_LITERAL_CONVERSION = YES;
				CLANG_WARN_OBJC_ROOT_CLASS = YES_ERROR;
				CLANG_WARN_QUOTED_INCLUDE_IN_FRAMEWORK_HEADER = YES;
				CLANG_WARN_RANGE_LOOP_ANALYSIS = YES;
				CLANG_WARN_STRICT_PROTOTYPES = YES;
				CLANG_WARN_SUSPICIOUS_MOVE = YES;
				CLANG_WARN_UNGUARDED_AVAILABILITY = YES_AGGRESSIVE;
				CLANG_WARN_UNREACHABLE_CODE = YES;
				CLANG_WARN__DUPLICATE_METHOD_MATCH = YES;
				COPY_PHASE_STRIP = NO;
				DEBUG_INFORMATION_FORMAT = "dwarf-with-dsym";
				ENABLE_NS_ASSERTIONS = NO;
				ENABLE_STRICT_OBJC_MSGSEND = YES;
				ENABLE_USER_SCRIPT_SANDBOXING = NO;
				GCC_C_LANGUAGE_STANDARD = gnu17;
				GCC_NO_COMMON_BLOCKS = YES;
				GCC_WARN_64_TO_32_BIT_CONVERSION = YES;
				GCC_WARN_ABOUT_RETURN_TYPE = YES_ERROR;
				GCC_WARN_UNDECLARED_SELECTOR = YES;
				GCC_WARN_UNINITIALIZED_AUTOS = YES_AGGRESSIVE;
				GCC_WARN_UNUSED_FUNCTION = YES;
				GCC_WARN_UNUSED_VARIABLE = YES;
				IPHONEOS_DEPLOYMENT_TARGET = 17.0;
				LOCALIZATION_PREFERS_STRING_CATALOGS = YES;
				MTL_ENABLE_DEBUG_INFO = NO;
				MTL_FAST_MATH = YES;
				SDKROOT = iphoneos;
				SWIFT_COMPILATION_MODE = wholemodule;
				VALIDATE_PRODUCT = YES;
			};
			name = Release;
		};
		FD132BF92ADBE8FB00F31AAF /* Debug */ = {
			isa = XCBuildConfiguration;
			buildSettings = {
				ASSETCATALOG_COMPILER_APPICON_NAME = AppIcon;
				ASSETCATALOG_COMPILER_GLOBAL_ACCENT_COLOR_NAME = AccentColor;
				BASE_URL = "https://test.hyunwoo.tech";
				CODE_SIGN_ENTITLEMENTS = TwoHoSun/TwoHoSun.entitlements;
				CODE_SIGN_IDENTITY = "Apple Development";
				CODE_SIGN_STYLE = Automatic;
				CURRENT_PROJECT_VERSION = 1;
				DEVELOPMENT_ASSET_PATHS = "\"TwoHoSun/Preview Content\"";
				DEVELOPMENT_TEAM = N3H5YNSQ64;
				ENABLE_PREVIEWS = YES;
				GENERATE_INFOPLIST_FILE = YES;
				INFOPLIST_FILE = TwoHoSun/Info.plist;
				INFOPLIST_KEY_LSApplicationCategoryType = "";
				INFOPLIST_KEY_UIApplicationSceneManifest_Generation = YES;
				INFOPLIST_KEY_UIApplicationSupportsIndirectInputEvents = YES;
				INFOPLIST_KEY_UISupportedInterfaceOrientations_iPad = "UIInterfaceOrientationPortrait UIInterfaceOrientationPortraitUpsideDown UIInterfaceOrientationLandscapeLeft UIInterfaceOrientationLandscapeRight";
				INFOPLIST_KEY_UISupportedInterfaceOrientations_iPhone = "UIInterfaceOrientationPortrait UIInterfaceOrientationLandscapeLeft UIInterfaceOrientationLandscapeRight";
				LD_RUNPATH_SEARCH_PATHS = (
					"$(inherited)",
					"@executable_path/Frameworks",
				);
				MARKETING_VERSION = 1.0;
				PRODUCT_BUNDLE_IDENTIFIER = com.twohosun.TwoHoSun;
				PRODUCT_NAME = "$(TARGET_NAME)";
				PROVISIONING_PROFILE_SPECIFIER = "";
				SWIFT_EMIT_LOC_STRINGS = YES;
				SWIFT_VERSION = 5.0;
				TARGETED_DEVICE_FAMILY = "1,2";
			};
			name = Debug;
		};
		FD132BFA2ADBE8FB00F31AAF /* Release */ = {
			isa = XCBuildConfiguration;
			buildSettings = {
				ASSETCATALOG_COMPILER_APPICON_NAME = AppIcon;
				ASSETCATALOG_COMPILER_GLOBAL_ACCENT_COLOR_NAME = AccentColor;
				BASE_URL = "https://test.hyunwoo.tech";
				CODE_SIGN_ENTITLEMENTS = TwoHoSun/TwoHoSun.entitlements;
				CODE_SIGN_IDENTITY = "Apple Development";
				CODE_SIGN_STYLE = Automatic;
				CURRENT_PROJECT_VERSION = 1;
				DEVELOPMENT_ASSET_PATHS = "\"TwoHoSun/Preview Content\"";
				DEVELOPMENT_TEAM = N3H5YNSQ64;
				ENABLE_PREVIEWS = YES;
				GENERATE_INFOPLIST_FILE = YES;
				INFOPLIST_FILE = TwoHoSun/Info.plist;
				INFOPLIST_KEY_LSApplicationCategoryType = "";
				INFOPLIST_KEY_UIApplicationSceneManifest_Generation = YES;
				INFOPLIST_KEY_UIApplicationSupportsIndirectInputEvents = YES;
				INFOPLIST_KEY_UISupportedInterfaceOrientations_iPad = "UIInterfaceOrientationPortrait UIInterfaceOrientationPortraitUpsideDown UIInterfaceOrientationLandscapeLeft UIInterfaceOrientationLandscapeRight";
				INFOPLIST_KEY_UISupportedInterfaceOrientations_iPhone = "UIInterfaceOrientationPortrait UIInterfaceOrientationLandscapeLeft UIInterfaceOrientationLandscapeRight";
				LD_RUNPATH_SEARCH_PATHS = (
					"$(inherited)",
					"@executable_path/Frameworks",
				);
				MARKETING_VERSION = 1.0;
				PRODUCT_BUNDLE_IDENTIFIER = com.twohosun.TwoHoSun;
				PRODUCT_NAME = "$(TARGET_NAME)";
				PROVISIONING_PROFILE_SPECIFIER = "";
				SWIFT_EMIT_LOC_STRINGS = YES;
				SWIFT_VERSION = 5.0;
				TARGETED_DEVICE_FAMILY = "1,2";
			};
			name = Release;
		};
/* End XCBuildConfiguration section */

/* Begin XCConfigurationList section */
		FD132BE52ADBE8FA00F31AAF /* Build configuration list for PBXProject "TwoHoSun" */ = {
			isa = XCConfigurationList;
			buildConfigurations = (
				FD132BF62ADBE8FB00F31AAF /* Debug */,
				FD132BF72ADBE8FB00F31AAF /* Release */,
			);
			defaultConfigurationIsVisible = 0;
			defaultConfigurationName = Release;
		};
		FD132BF82ADBE8FB00F31AAF /* Build configuration list for PBXNativeTarget "TwoHoSun" */ = {
			isa = XCConfigurationList;
			buildConfigurations = (
				FD132BF92ADBE8FB00F31AAF /* Debug */,
				FD132BFA2ADBE8FB00F31AAF /* Release */,
			);
			defaultConfigurationIsVisible = 0;
			defaultConfigurationName = Release;
		};
/* End XCConfigurationList section */

/* Begin XCRemoteSwiftPackageReference section */
		FD3646F32ADD8E2D0064DF94 /* XCRemoteSwiftPackageReference "Alamofire" */ = {
			isa = XCRemoteSwiftPackageReference;
			repositoryURL = "https://github.com/Alamofire/Alamofire.git";
			requirement = {
				kind = upToNextMajorVersion;
				minimumVersion = 5.8.0;
			};
		};
/* End XCRemoteSwiftPackageReference section */

/* Begin XCSwiftPackageProductDependency section */
		FD3646F42ADD8E2D0064DF94 /* Alamofire */ = {
			isa = XCSwiftPackageProductDependency;
			package = FD3646F32ADD8E2D0064DF94 /* XCRemoteSwiftPackageReference "Alamofire" */;
			productName = Alamofire;
		};
/* End XCSwiftPackageProductDependency section */
	};
	rootObject = FD132BE22ADBE8FA00F31AAF /* Project object */;
}
